// !$*UTF8*$!
{
	archiveVersion = 1;
	classes = {
	};
	objectVersion = 55;
	objects = {

/* Begin PBXBuildFile section */
		AACB645927BFAEA900D105DD /* AppDelegate.swift in Sources */ = {isa = PBXBuildFile; fileRef = AACB645827BFAEA900D105DD /* AppDelegate.swift */; };
		AACB645B27BFAEA900D105DD /* SceneDelegate.swift in Sources */ = {isa = PBXBuildFile; fileRef = AACB645A27BFAEA900D105DD /* SceneDelegate.swift */; };
		AACB645D27BFAEA900D105DD /* ViewController.swift in Sources */ = {isa = PBXBuildFile; fileRef = AACB645C27BFAEA900D105DD /* ViewController.swift */; };
		AACB646027BFAEA900D105DD /* Main.storyboard in Resources */ = {isa = PBXBuildFile; fileRef = AACB645E27BFAEA900D105DD /* Main.storyboard */; };
		AACB646227BFAEAC00D105DD /* Assets.xcassets in Resources */ = {isa = PBXBuildFile; fileRef = AACB646127BFAEAC00D105DD /* Assets.xcassets */; };
		AACB646527BFAEAC00D105DD /* LaunchScreen.storyboard in Resources */ = {isa = PBXBuildFile; fileRef = AACB646327BFAEAC00D105DD /* LaunchScreen.storyboard */; };
		AACB647027BFAEAC00D105DD /* A11yUITestSampleProjectTests.swift in Sources */ = {isa = PBXBuildFile; fileRef = AACB646F27BFAEAC00D105DD /* A11yUITestSampleProjectTests.swift */; };
		AACB647A27BFAEAC00D105DD /* A11yUITestSampleProjectUITests.swift in Sources */ = {isa = PBXBuildFile; fileRef = AACB647927BFAEAC00D105DD /* A11yUITestSampleProjectUITests.swift */; };
		AACB647C27BFAEAC00D105DD /* A11yUITestSampleProjectUITestsLaunchTests.swift in Sources */ = {isa = PBXBuildFile; fileRef = AACB647B27BFAEAC00D105DD /* A11yUITestSampleProjectUITestsLaunchTests.swift */; };
/* End PBXBuildFile section */

/* Begin PBXContainerItemProxy section */
		AACB646C27BFAEAC00D105DD /* PBXContainerItemProxy */ = {
			isa = PBXContainerItemProxy;
			containerPortal = AACB644D27BFAEA900D105DD /* Project object */;
			proxyType = 1;
			remoteGlobalIDString = AACB645427BFAEA900D105DD;
			remoteInfo = A11yUITestSampleProject;
		};
		AACB647627BFAEAC00D105DD /* PBXContainerItemProxy */ = {
			isa = PBXContainerItemProxy;
			containerPortal = AACB644D27BFAEA900D105DD /* Project object */;
			proxyType = 1;
			remoteGlobalIDString = AACB645427BFAEA900D105DD;
			remoteInfo = A11yUITestSampleProject;
		};
/* End PBXContainerItemProxy section */

/* Begin PBXFileReference section */
		AACB645527BFAEA900D105DD /* A11yUITestSampleProject.app */ = {isa = PBXFileReference; explicitFileType = wrapper.application; includeInIndex = 0; path = A11yUITestSampleProject.app; sourceTree = BUILT_PRODUCTS_DIR; };
		AACB645827BFAEA900D105DD /* AppDelegate.swift */ = {isa = PBXFileReference; lastKnownFileType = sourcecode.swift; path = AppDelegate.swift; sourceTree = "<group>"; };
		AACB645A27BFAEA900D105DD /* SceneDelegate.swift */ = {isa = PBXFileReference; lastKnownFileType = sourcecode.swift; path = SceneDelegate.swift; sourceTree = "<group>"; };
		AACB645C27BFAEA900D105DD /* ViewController.swift */ = {isa = PBXFileReference; lastKnownFileType = sourcecode.swift; path = ViewController.swift; sourceTree = "<group>"; };
		AACB645F27BFAEA900D105DD /* Base */ = {isa = PBXFileReference; lastKnownFileType = file.storyboard; name = Base; path = Base.lproj/Main.storyboard; sourceTree = "<group>"; };
		AACB646127BFAEAC00D105DD /* Assets.xcassets */ = {isa = PBXFileReference; lastKnownFileType = folder.assetcatalog; path = Assets.xcassets; sourceTree = "<group>"; };
		AACB646427BFAEAC00D105DD /* Base */ = {isa = PBXFileReference; lastKnownFileType = file.storyboard; name = Base; path = Base.lproj/LaunchScreen.storyboard; sourceTree = "<group>"; };
		AACB646627BFAEAC00D105DD /* Info.plist */ = {isa = PBXFileReference; lastKnownFileType = text.plist.xml; path = Info.plist; sourceTree = "<group>"; };
		AACB646B27BFAEAC00D105DD /* A11yUITestSampleProjectTests.xctest */ = {isa = PBXFileReference; explicitFileType = wrapper.cfbundle; includeInIndex = 0; path = A11yUITestSampleProjectTests.xctest; sourceTree = BUILT_PRODUCTS_DIR; };
		AACB646F27BFAEAC00D105DD /* A11yUITestSampleProjectTests.swift */ = {isa = PBXFileReference; lastKnownFileType = sourcecode.swift; path = A11yUITestSampleProjectTests.swift; sourceTree = "<group>"; };
		AACB647527BFAEAC00D105DD /* A11yUITestSampleProjectUITests.xctest */ = {isa = PBXFileReference; explicitFileType = wrapper.cfbundle; includeInIndex = 0; path = A11yUITestSampleProjectUITests.xctest; sourceTree = BUILT_PRODUCTS_DIR; };
		AACB647927BFAEAC00D105DD /* A11yUITestSampleProjectUITests.swift */ = {isa = PBXFileReference; lastKnownFileType = sourcecode.swift; path = A11yUITestSampleProjectUITests.swift; sourceTree = "<group>"; };
		AACB647B27BFAEAC00D105DD /* A11yUITestSampleProjectUITestsLaunchTests.swift */ = {isa = PBXFileReference; lastKnownFileType = sourcecode.swift; path = A11yUITestSampleProjectUITestsLaunchTests.swift; sourceTree = "<group>"; };
/* End PBXFileReference section */

/* Begin PBXFrameworksBuildPhase section */
		AACB645227BFAEA900D105DD /* Frameworks */ = {
			isa = PBXFrameworksBuildPhase;
			buildActionMask = 2147483647;
			files = (
			);
			runOnlyForDeploymentPostprocessing = 0;
		};
		AACB646827BFAEAC00D105DD /* Frameworks */ = {
			isa = PBXFrameworksBuildPhase;
			buildActionMask = 2147483647;
			files = (
			);
			runOnlyForDeploymentPostprocessing = 0;
		};
		AACB647227BFAEAC00D105DD /* Frameworks */ = {
			isa = PBXFrameworksBuildPhase;
			buildActionMask = 2147483647;
			files = (
			);
			runOnlyForDeploymentPostprocessing = 0;
		};
/* End PBXFrameworksBuildPhase section */

/* Begin PBXGroup section */
		AACB644C27BFAEA900D105DD = {
			isa = PBXGroup;
			children = (
				AACB645727BFAEA900D105DD /* A11yUITestSampleProject */,
				AACB646E27BFAEAC00D105DD /* A11yUITestSampleProjectTests */,
				AACB647827BFAEAC00D105DD /* A11yUITestSampleProjectUITests */,
				AACB645627BFAEA900D105DD /* Products */,
			);
			sourceTree = "<group>";
		};
		AACB645627BFAEA900D105DD /* Products */ = {
			isa = PBXGroup;
			children = (
				AACB645527BFAEA900D105DD /* A11yUITestSampleProject.app */,
				AACB646B27BFAEAC00D105DD /* A11yUITestSampleProjectTests.xctest */,
				AACB647527BFAEAC00D105DD /* A11yUITestSampleProjectUITests.xctest */,
			);
			name = Products;
			sourceTree = "<group>";
		};
		AACB645727BFAEA900D105DD /* A11yUITestSampleProject */ = {
			isa = PBXGroup;
			children = (
				AACB645827BFAEA900D105DD /* AppDelegate.swift */,
				AACB645A27BFAEA900D105DD /* SceneDelegate.swift */,
				AACB645C27BFAEA900D105DD /* ViewController.swift */,
				AACB645E27BFAEA900D105DD /* Main.storyboard */,
				AACB646127BFAEAC00D105DD /* Assets.xcassets */,
				AACB646327BFAEAC00D105DD /* LaunchScreen.storyboard */,
				AACB646627BFAEAC00D105DD /* Info.plist */,
			);
			path = A11yUITestSampleProject;
			sourceTree = "<group>";
		};
		AACB646E27BFAEAC00D105DD /* A11yUITestSampleProjectTests */ = {
			isa = PBXGroup;
			children = (
				AACB646F27BFAEAC00D105DD /* A11yUITestSampleProjectTests.swift */,
			);
			path = A11yUITestSampleProjectTests;
			sourceTree = "<group>";
		};
		AACB647827BFAEAC00D105DD /* A11yUITestSampleProjectUITests */ = {
			isa = PBXGroup;
			children = (
				AACB647927BFAEAC00D105DD /* A11yUITestSampleProjectUITests.swift */,
				AACB647B27BFAEAC00D105DD /* A11yUITestSampleProjectUITestsLaunchTests.swift */,
			);
			path = A11yUITestSampleProjectUITests;
			sourceTree = "<group>";
		};
/* End PBXGroup section */

/* Begin PBXNativeTarget section */
		AACB645427BFAEA900D105DD /* A11yUITestSampleProject */ = {
			isa = PBXNativeTarget;
			buildConfigurationList = AACB647F27BFAEAC00D105DD /* Build configuration list for PBXNativeTarget "A11yUITestSampleProject" */;
			buildPhases = (
				AACB645127BFAEA900D105DD /* Sources */,
				AACB645227BFAEA900D105DD /* Frameworks */,
				AACB645327BFAEA900D105DD /* Resources */,
			);
			buildRules = (
			);
			dependencies = (
			);
			name = A11yUITestSampleProject;
			productName = A11yUITestSampleProject;
			productReference = AACB645527BFAEA900D105DD /* A11yUITestSampleProject.app */;
			productType = "com.apple.product-type.application";
		};
		AACB646A27BFAEAC00D105DD /* A11yUITestSampleProjectTests */ = {
			isa = PBXNativeTarget;
			buildConfigurationList = AACB648227BFAEAC00D105DD /* Build configuration list for PBXNativeTarget "A11yUITestSampleProjectTests" */;
			buildPhases = (
				AACB646727BFAEAC00D105DD /* Sources */,
				AACB646827BFAEAC00D105DD /* Frameworks */,
				AACB646927BFAEAC00D105DD /* Resources */,
			);
			buildRules = (
			);
			dependencies = (
				AACB646D27BFAEAC00D105DD /* PBXTargetDependency */,
			);
			name = A11yUITestSampleProjectTests;
			productName = A11yUITestSampleProjectTests;
			productReference = AACB646B27BFAEAC00D105DD /* A11yUITestSampleProjectTests.xctest */;
			productType = "com.apple.product-type.bundle.unit-test";
		};
		AACB647427BFAEAC00D105DD /* A11yUITestSampleProjectUITests */ = {
			isa = PBXNativeTarget;
			buildConfigurationList = AACB648527BFAEAC00D105DD /* Build configuration list for PBXNativeTarget "A11yUITestSampleProjectUITests" */;
			buildPhases = (
				AACB647127BFAEAC00D105DD /* Sources */,
				AACB647227BFAEAC00D105DD /* Frameworks */,
				AACB647327BFAEAC00D105DD /* Resources */,
			);
			buildRules = (
			);
			dependencies = (
				AACB647727BFAEAC00D105DD /* PBXTargetDependency */,
			);
			name = A11yUITestSampleProjectUITests;
			productName = A11yUITestSampleProjectUITests;
			productReference = AACB647527BFAEAC00D105DD /* A11yUITestSampleProjectUITests.xctest */;
			productType = "com.apple.product-type.bundle.ui-testing";
		};
/* End PBXNativeTarget section */

/* Begin PBXProject section */
		AACB644D27BFAEA900D105DD /* Project object */ = {
			isa = PBXProject;
			attributes = {
				BuildIndependentTargetsInParallel = 1;
				LastSwiftUpdateCheck = 1320;
				LastUpgradeCheck = 1320;
				TargetAttributes = {
					AACB645427BFAEA900D105DD = {
						CreatedOnToolsVersion = 13.2.1;
					};
					AACB646A27BFAEAC00D105DD = {
						CreatedOnToolsVersion = 13.2.1;
						TestTargetID = AACB645427BFAEA900D105DD;
					};
					AACB647427BFAEAC00D105DD = {
						CreatedOnToolsVersion = 13.2.1;
						TestTargetID = AACB645427BFAEA900D105DD;
					};
				};
			};
			buildConfigurationList = AACB645027BFAEA900D105DD /* Build configuration list for PBXProject "A11yUITestSampleProject" */;
			compatibilityVersion = "Xcode 13.0";
			developmentRegion = en;
			hasScannedForEncodings = 0;
			knownRegions = (
				en,
				Base,
			);
			mainGroup = AACB644C27BFAEA900D105DD;
			productRefGroup = AACB645627BFAEA900D105DD /* Products */;
			projectDirPath = "";
			projectRoot = "";
			targets = (
				AACB645427BFAEA900D105DD /* A11yUITestSampleProject */,
				AACB646A27BFAEAC00D105DD /* A11yUITestSampleProjectTests */,
				AACB647427BFAEAC00D105DD /* A11yUITestSampleProjectUITests */,
			);
		};
/* End PBXProject section */

/* Begin PBXResourcesBuildPhase section */
		AACB645327BFAEA900D105DD /* Resources */ = {
			isa = PBXResourcesBuildPhase;
			buildActionMask = 2147483647;
			files = (
				AACB646527BFAEAC00D105DD /* LaunchScreen.storyboard in Resources */,
				AACB646227BFAEAC00D105DD /* Assets.xcassets in Resources */,
				AACB646027BFAEA900D105DD /* Main.storyboard in Resources */,
			);
			runOnlyForDeploymentPostprocessing = 0;
		};
		AACB646927BFAEAC00D105DD /* Resources */ = {
			isa = PBXResourcesBuildPhase;
			buildActionMask = 2147483647;
			files = (
			);
			runOnlyForDeploymentPostprocessing = 0;
		};
		AACB647327BFAEAC00D105DD /* Resources */ = {
			isa = PBXResourcesBuildPhase;
			buildActionMask = 2147483647;
			files = (
			);
			runOnlyForDeploymentPostprocessing = 0;
		};
/* End PBXResourcesBuildPhase section */

/* Begin PBXSourcesBuildPhase section */
		AACB645127BFAEA900D105DD /* Sources */ = {
			isa = PBXSourcesBuildPhase;
			buildActionMask = 2147483647;
			files = (
				AACB645D27BFAEA900D105DD /* ViewController.swift in Sources */,
				AACB645927BFAEA900D105DD /* AppDelegate.swift in Sources */,
				AACB645B27BFAEA900D105DD /* SceneDelegate.swift in Sources */,
			);
			runOnlyForDeploymentPostprocessing = 0;
		};
		AACB646727BFAEAC00D105DD /* Sources */ = {
			isa = PBXSourcesBuildPhase;
			buildActionMask = 2147483647;
			files = (
				AACB647027BFAEAC00D105DD /* A11yUITestSampleProjectTests.swift in Sources */,
			);
			runOnlyForDeploymentPostprocessing = 0;
		};
		AACB647127BFAEAC00D105DD /* Sources */ = {
			isa = PBXSourcesBuildPhase;
			buildActionMask = 2147483647;
			files = (
				AACB647C27BFAEAC00D105DD /* A11yUITestSampleProjectUITestsLaunchTests.swift in Sources */,
				AACB647A27BFAEAC00D105DD /* A11yUITestSampleProjectUITests.swift in Sources */,
			);
			runOnlyForDeploymentPostprocessing = 0;
		};
/* End PBXSourcesBuildPhase section */

/* Begin PBXTargetDependency section */
		AACB646D27BFAEAC00D105DD /* PBXTargetDependency */ = {
			isa = PBXTargetDependency;
			target = AACB645427BFAEA900D105DD /* A11yUITestSampleProject */;
			targetProxy = AACB646C27BFAEAC00D105DD /* PBXContainerItemProxy */;
		};
		AACB647727BFAEAC00D105DD /* PBXTargetDependency */ = {
			isa = PBXTargetDependency;
			target = AACB645427BFAEA900D105DD /* A11yUITestSampleProject */;
			targetProxy = AACB647627BFAEAC00D105DD /* PBXContainerItemProxy */;
		};
/* End PBXTargetDependency section */

/* Begin PBXVariantGroup section */
		AACB645E27BFAEA900D105DD /* Main.storyboard */ = {
			isa = PBXVariantGroup;
			children = (
				AACB645F27BFAEA900D105DD /* Base */,
			);
			name = Main.storyboard;
			sourceTree = "<group>";
		};
		AACB646327BFAEAC00D105DD /* LaunchScreen.storyboard */ = {
			isa = PBXVariantGroup;
			children = (
				AACB646427BFAEAC00D105DD /* Base */,
			);
			name = LaunchScreen.storyboard;
			sourceTree = "<group>";
		};
/* End PBXVariantGroup section */

/* Begin XCBuildConfiguration section */
		AACB647D27BFAEAC00D105DD /* Debug */ = {
			isa = XCBuildConfiguration;
			buildSettings = {
				ALWAYS_SEARCH_USER_PATHS = NO;
				CLANG_ANALYZER_NONNULL = YES;
				CLANG_ANALYZER_NUMBER_OBJECT_CONVERSION = YES_AGGRESSIVE;
				CLANG_CXX_LANGUAGE_STANDARD = "gnu++17";
				CLANG_CXX_LIBRARY = "libc++";
				CLANG_ENABLE_MODULES = YES;
				CLANG_ENABLE_OBJC_ARC = YES;
				CLANG_ENABLE_OBJC_WEAK = YES;
				CLANG_WARN_BLOCK_CAPTURE_AUTORELEASING = YES;
				CLANG_WARN_BOOL_CONVERSION = YES;
				CLANG_WARN_COMMA = YES;
				CLANG_WARN_CONSTANT_CONVERSION = YES;
				CLANG_WARN_DEPRECATED_OBJC_IMPLEMENTATIONS = YES;
				CLANG_WARN_DIRECT_OBJC_ISA_USAGE = YES_ERROR;
				CLANG_WARN_DOCUMENTATION_COMMENTS = YES;
				CLANG_WARN_EMPTY_BODY = YES;
				CLANG_WARN_ENUM_CONVERSION = YES;
				CLANG_WARN_INFINITE_RECURSION = YES;
				CLANG_WARN_INT_CONVERSION = YES;
				CLANG_WARN_NON_LITERAL_NULL_CONVERSION = YES;
				CLANG_WARN_OBJC_IMPLICIT_RETAIN_SELF = YES;
				CLANG_WARN_OBJC_LITERAL_CONVERSION = YES;
				CLANG_WARN_OBJC_ROOT_CLASS = YES_ERROR;
				CLANG_WARN_QUOTED_INCLUDE_IN_FRAMEWORK_HEADER = YES;
				CLANG_WARN_RANGE_LOOP_ANALYSIS = YES;
				CLANG_WARN_STRICT_PROTOTYPES = YES;
				CLANG_WARN_SUSPICIOUS_MOVE = YES;
				CLANG_WARN_UNGUARDED_AVAILABILITY = YES_AGGRESSIVE;
				CLANG_WARN_UNREACHABLE_CODE = YES;
				CLANG_WARN__DUPLICATE_METHOD_MATCH = YES;
				COPY_PHASE_STRIP = NO;
				DEBUG_INFORMATION_FORMAT = dwarf;
				ENABLE_STRICT_OBJC_MSGSEND = YES;
				ENABLE_TESTABILITY = YES;
				GCC_C_LANGUAGE_STANDARD = gnu11;
				GCC_DYNAMIC_NO_PIC = NO;
				GCC_NO_COMMON_BLOCKS = YES;
				GCC_OPTIMIZATION_LEVEL = 0;
				GCC_PREPROCESSOR_DEFINITIONS = (
					"DEBUG=1",
					"$(inherited)",
				);
				GCC_WARN_64_TO_32_BIT_CONVERSION = YES;
				GCC_WARN_ABOUT_RETURN_TYPE = YES_ERROR;
				GCC_WARN_UNDECLARED_SELECTOR = YES;
				GCC_WARN_UNINITIALIZED_AUTOS = YES_AGGRESSIVE;
				GCC_WARN_UNUSED_FUNCTION = YES;
				GCC_WARN_UNUSED_VARIABLE = YES;
				IPHONEOS_DEPLOYMENT_TARGET = 15.2;
				MTL_ENABLE_DEBUG_INFO = INCLUDE_SOURCE;
				MTL_FAST_MATH = YES;
				ONLY_ACTIVE_ARCH = YES;
				SDKROOT = iphoneos;
				SWIFT_ACTIVE_COMPILATION_CONDITIONS = DEBUG;
				SWIFT_OPTIMIZATION_LEVEL = "-Onone";
			};
			name = Debug;
		};
		AACB647E27BFAEAC00D105DD /* Release */ = {
			isa = XCBuildConfiguration;
			buildSettings = {
				ALWAYS_SEARCH_USER_PATHS = NO;
				CLANG_ANALYZER_NONNULL = YES;
				CLANG_ANALYZER_NUMBER_OBJECT_CONVERSION = YES_AGGRESSIVE;
				CLANG_CXX_LANGUAGE_STANDARD = "gnu++17";
				CLANG_CXX_LIBRARY = "libc++";
				CLANG_ENABLE_MODULES = YES;
				CLANG_ENABLE_OBJC_ARC = YES;
				CLANG_ENABLE_OBJC_WEAK = YES;
				CLANG_WARN_BLOCK_CAPTURE_AUTORELEASING = YES;
				CLANG_WARN_BOOL_CONVERSION = YES;
				CLANG_WARN_COMMA = YES;
				CLANG_WARN_CONSTANT_CONVERSION = YES;
				CLANG_WARN_DEPRECATED_OBJC_IMPLEMENTATIONS = YES;
				CLANG_WARN_DIRECT_OBJC_ISA_USAGE = YES_ERROR;
				CLANG_WARN_DOCUMENTATION_COMMENTS = YES;
				CLANG_WARN_EMPTY_BODY = YES;
				CLANG_WARN_ENUM_CONVERSION = YES;
				CLANG_WARN_INFINITE_RECURSION = YES;
				CLANG_WARN_INT_CONVERSION = YES;
				CLANG_WARN_NON_LITERAL_NULL_CONVERSION = YES;
				CLANG_WARN_OBJC_IMPLICIT_RETAIN_SELF = YES;
				CLANG_WARN_OBJC_LITERAL_CONVERSION = YES;
				CLANG_WARN_OBJC_ROOT_CLASS = YES_ERROR;
				CLANG_WARN_QUOTED_INCLUDE_IN_FRAMEWORK_HEADER = YES;
				CLANG_WARN_RANGE_LOOP_ANALYSIS = YES;
				CLANG_WARN_STRICT_PROTOTYPES = YES;
				CLANG_WARN_SUSPICIOUS_MOVE = YES;
				CLANG_WARN_UNGUARDED_AVAILABILITY = YES_AGGRESSIVE;
				CLANG_WARN_UNREACHABLE_CODE = YES;
				CLANG_WARN__DUPLICATE_METHOD_MATCH = YES;
				COPY_PHASE_STRIP = NO;
				DEBUG_INFORMATION_FORMAT = "dwarf-with-dsym";
				ENABLE_NS_ASSERTIONS = NO;
				ENABLE_STRICT_OBJC_MSGSEND = YES;
				GCC_C_LANGUAGE_STANDARD = gnu11;
				GCC_NO_COMMON_BLOCKS = YES;
				GCC_WARN_64_TO_32_BIT_CONVERSION = YES;
				GCC_WARN_ABOUT_RETURN_TYPE = YES_ERROR;
				GCC_WARN_UNDECLARED_SELECTOR = YES;
				GCC_WARN_UNINITIALIZED_AUTOS = YES_AGGRESSIVE;
				GCC_WARN_UNUSED_FUNCTION = YES;
				GCC_WARN_UNUSED_VARIABLE = YES;
				IPHONEOS_DEPLOYMENT_TARGET = 15.2;
				MTL_ENABLE_DEBUG_INFO = NO;
				MTL_FAST_MATH = YES;
				SDKROOT = iphoneos;
				SWIFT_COMPILATION_MODE = wholemodule;
				SWIFT_OPTIMIZATION_LEVEL = "-O";
				VALIDATE_PRODUCT = YES;
			};
			name = Release;
		};
		AACB648027BFAEAC00D105DD /* Debug */ = {
			isa = XCBuildConfiguration;
			buildSettings = {
				ASSETCATALOG_COMPILER_APPICON_NAME = AppIcon;
				ASSETCATALOG_COMPILER_GLOBAL_ACCENT_COLOR_NAME = AccentColor;
				CODE_SIGN_STYLE = Automatic;
				CURRENT_PROJECT_VERSION = 1;
				DEVELOPMENT_TEAM = AS88JDHZ77;
				GENERATE_INFOPLIST_FILE = YES;
				INFOPLIST_FILE = A11yUITestSampleProject/Info.plist;
				INFOPLIST_KEY_UIApplicationSupportsIndirectInputEvents = YES;
				INFOPLIST_KEY_UILaunchStoryboardName = LaunchScreen;
				INFOPLIST_KEY_UIMainStoryboardFile = Main;
				INFOPLIST_KEY_UISupportedInterfaceOrientations_iPad = "UIInterfaceOrientationPortrait UIInterfaceOrientationPortraitUpsideDown UIInterfaceOrientationLandscapeLeft UIInterfaceOrientationLandscapeRight";
				INFOPLIST_KEY_UISupportedInterfaceOrientations_iPhone = "UIInterfaceOrientationPortrait UIInterfaceOrientationLandscapeLeft UIInterfaceOrientationLandscapeRight";
				LD_RUNPATH_SEARCH_PATHS = (
					"$(inherited)",
					"@executable_path/Frameworks",
				);
				MARKETING_VERSION = 1.0;
				PRODUCT_BUNDLE_IDENTIFIER = com.osrufung.A11yUITestSampleProject;
				PRODUCT_NAME = "$(TARGET_NAME)";
				SWIFT_EMIT_LOC_STRINGS = YES;
				SWIFT_VERSION = 5.0;
				TARGETED_DEVICE_FAMILY = "1,2";
			};
			name = Debug;
		};
		AACB648127BFAEAC00D105DD /* Release */ = {
			isa = XCBuildConfiguration;
			buildSettings = {
				ASSETCATALOG_COMPILER_APPICON_NAME = AppIcon;
				ASSETCATALOG_COMPILER_GLOBAL_ACCENT_COLOR_NAME = AccentColor;
				CODE_SIGN_STYLE = Automatic;
				CURRENT_PROJECT_VERSION = 1;
				DEVELOPMENT_TEAM = AS88JDHZ77;
				GENERATE_INFOPLIST_FILE = YES;
				INFOPLIST_FILE = A11yUITestSampleProject/Info.plist;
				INFOPLIST_KEY_UIApplicationSupportsIndirectInputEvents = YES;
				INFOPLIST_KEY_UILaunchStoryboardName = LaunchScreen;
				INFOPLIST_KEY_UIMainStoryboardFile = Main;
				INFOPLIST_KEY_UISupportedInterfaceOrientations_iPad = "UIInterfaceOrientationPortrait UIInterfaceOrientationPortraitUpsideDown UIInterfaceOrientationLandscapeLeft UIInterfaceOrientationLandscapeRight";
				INFOPLIST_KEY_UISupportedInterfaceOrientations_iPhone = "UIInterfaceOrientationPortrait UIInterfaceOrientationLandscapeLeft UIInterfaceOrientationLandscapeRight";
				LD_RUNPATH_SEARCH_PATHS = (
					"$(inherited)",
					"@executable_path/Frameworks",
				);
				MARKETING_VERSION = 1.0;
				PRODUCT_BUNDLE_IDENTIFIER = com.osrufung.A11yUITestSampleProject;
				PRODUCT_NAME = "$(TARGET_NAME)";
				SWIFT_EMIT_LOC_STRINGS = YES;
				SWIFT_VERSION = 5.0;
				TARGETED_DEVICE_FAMILY = "1,2";
			};
			name = Release;
		};
		AACB648327BFAEAC00D105DD /* Debug */ = {
			isa = XCBuildConfiguration;
			buildSettings = {
				ALWAYS_EMBED_SWIFT_STANDARD_LIBRARIES = YES;
				BUNDLE_LOADER = "$(TEST_HOST)";
				CODE_SIGN_STYLE = Automatic;
				CURRENT_PROJECT_VERSION = 1;
				DEVELOPMENT_TEAM = AS88JDHZ77;
				GENERATE_INFOPLIST_FILE = YES;
				IPHONEOS_DEPLOYMENT_TARGET = 15.2;
				MARKETING_VERSION = 1.0;
				PRODUCT_BUNDLE_IDENTIFIER = com.osrufung.A11yUITestSampleProjectTests;
				PRODUCT_NAME = "$(TARGET_NAME)";
				SWIFT_EMIT_LOC_STRINGS = NO;
				SWIFT_VERSION = 5.0;
				TARGETED_DEVICE_FAMILY = "1,2";
				TEST_HOST = "$(BUILT_PRODUCTS_DIR)/A11yUITestSampleProject.app/A11yUITestSampleProject";
			};
			name = Debug;
		};
		AACB648427BFAEAC00D105DD /* Release */ = {
			isa = XCBuildConfiguration;
			buildSettings = {
				ALWAYS_EMBED_SWIFT_STANDARD_LIBRARIES = YES;
				BUNDLE_LOADER = "$(TEST_HOST)";
				CODE_SIGN_STYLE = Automatic;
				CURRENT_PROJECT_VERSION = 1;
				DEVELOPMENT_TEAM = AS88JDHZ77;
				GENERATE_INFOPLIST_FILE = YES;
				IPHONEOS_DEPLOYMENT_TARGET = 15.2;
				MARKETING_VERSION = 1.0;
				PRODUCT_BUNDLE_IDENTIFIER = com.osrufung.A11yUITestSampleProjectTests;
				PRODUCT_NAME = "$(TARGET_NAME)";
				SWIFT_EMIT_LOC_STRINGS = NO;
				SWIFT_VERSION = 5.0;
				TARGETED_DEVICE_FAMILY = "1,2";
				TEST_HOST = "$(BUILT_PRODUCTS_DIR)/A11yUITestSampleProject.app/A11yUITestSampleProject";
			};
			name = Release;
		};
		AACB648627BFAEAC00D105DD /* Debug */ = {
			isa = XCBuildConfiguration;
			buildSettings = {
				ALWAYS_EMBED_SWIFT_STANDARD_LIBRARIES = YES;
				CODE_SIGN_STYLE = Automatic;
				CURRENT_PROJECT_VERSION = 1;
				DEVELOPMENT_TEAM = AS88JDHZ77;
				GENERATE_INFOPLIST_FILE = YES;
				MARKETING_VERSION = 1.0;
				PRODUCT_BUNDLE_IDENTIFIER = com.osrufung.A11yUITestSampleProjectUITests;
				PRODUCT_NAME = "$(TARGET_NAME)";
				SWIFT_EMIT_LOC_STRINGS = NO;
				SWIFT_VERSION = 5.0;
				TARGETED_DEVICE_FAMILY = "1,2";
				TEST_TARGET_NAME = A11yUITestSampleProject;
			};
			name = Debug;
		};
		AACB648727BFAEAC00D105DD /* Release */ = {
			isa = XCBuildConfiguration;
			buildSettings = {
				ALWAYS_EMBED_SWIFT_STANDARD_LIBRARIES = YES;
				CODE_SIGN_STYLE = Automatic;
				CURRENT_PROJECT_VERSION = 1;
				DEVELOPMENT_TEAM = AS88JDHZ77;
				GENERATE_INFOPLIST_FILE = YES;
				MARKETING_VERSION = 1.0;
				PRODUCT_BUNDLE_IDENTIFIER = com.osrufung.A11yUITestSampleProjectUITests;
				PRODUCT_NAME = "$(TARGET_NAME)";
				SWIFT_EMIT_LOC_STRINGS = NO;
				SWIFT_VERSION = 5.0;
				TARGETED_DEVICE_FAMILY = "1,2";
				TEST_TARGET_NAME = A11yUITestSampleProject;
			};
			name = Release;
		};
/* End XCBuildConfiguration section */

/* Begin XCConfigurationList section */
		AACB645027BFAEA900D105DD /* Build configuration list for PBXProject "A11yUITestSampleProject" */ = {
			isa = XCConfigurationList;
			buildConfigurations = (
				AACB647D27BFAEAC00D105DD /* Debug */,
				AACB647E27BFAEAC00D105DD /* Release */,
			);
			defaultConfigurationIsVisible = 0;
			defaultConfigurationName = Release;
		};
		AACB647F27BFAEAC00D105DD /* Build configuration list for PBXNativeTarget "A11yUITestSampleProject" */ = {
			isa = XCConfigurationList;
			buildConfigurations = (
				AACB648027BFAEAC00D105DD /* Debug */,
				AACB648127BFAEAC00D105DD /* Release */,
			);
			defaultConfigurationIsVisible = 0;
			defaultConfigurationName = Release;
		};
		AACB648227BFAEAC00D105DD /* Build configuration list for PBXNativeTarget "A11yUITestSampleProjectTests" */ = {
			isa = XCConfigurationList;
			buildConfigurations = (
				AACB648327BFAEAC00D105DD /* Debug */,
				AACB648427BFAEAC00D105DD /* Release */,
			);
			defaultConfigurationIsVisible = 0;
			defaultConfigurationName = Release;
		};
		AACB648527BFAEAC00D105DD /* Build configuration list for PBXNativeTarget "A11yUITestSampleProjectUITests" */ = {
			isa = XCConfigurationList;
			buildConfigurations = (
				AACB648627BFAEAC00D105DD /* Debug */,
				AACB648727BFAEAC00D105DD /* Release */,
			);
			defaultConfigurationIsVisible = 0;
			defaultConfigurationName = Release;
		};
/* End XCConfigurationList section */
	};
	rootObject = AACB644D27BFAEA900D105DD /* Project object */;
}
